{
  "name": "@netzoio/widgets",
  "version": "0.3.3",
  "lockfileVersion": 2,
  "requires": true,
  "packages": {
    "": {
      "name": "@netzoio/widgets",
      "version": "0.3.3",
      "license": "MIT",
      "dependencies": {
        "@vueuse/core": "^6.3.3",
        "apexcharts": "^3.26.1",
        "core-js": "^3.6.5",
        "jsonata": "^1.8.4",
        "lightweight-charts": "^3.3.0",
        "lit-html": "^1.3.0",
        "nipplejs": "^0.9.0",
        "vue": "^2.6.11",
        "vuetify": "^2.5.4"
      }
    },
    "node_modules/@vueuse/core": {
      "version": "6.7.6",
      "resolved": "https://registry.npmjs.org/@vueuse/core/-/core-6.7.6.tgz",
      "integrity": "sha512-oVyqARXnTvhf4m6xf/sHw+SNJWcRYJn8+L4TZTFBU9POf9GIzBN7iHD2Oc4K4rTWXGQzXfoFHgbrXyeMFCRoqA==",
      "dependencies": {
        "@vueuse/shared": "6.7.6",
        "vue-demi": "*"
      },
      "funding": {
        "url": "https://github.com/sponsors/antfu"
      },
      "peerDependencies": {
        "@vue/composition-api": "^1.1.0",
        "vue": "^2.6.0 || ^3.2.0"
      },
      "peerDependenciesMeta": {
        "@vue/composition-api": {
          "optional": true
        },
        "vue": {
          "optional": true
        }
      }
    },
    "node_modules/@vueuse/shared": {
      "version": "6.7.6",
      "resolved": "https://registry.npmjs.org/@vueuse/shared/-/shared-6.7.6.tgz",
      "integrity": "sha512-MfzTKkFK63PcjDdTpJRuJqylpyUdXpic9ueTRcgpPizqFpoYIuI6DkdYjub2Ch5+OYYhVnCqe8ynW6WzYo7DGQ==",
      "dependencies": {
        "vue-demi": "*"
      },
      "funding": {
        "url": "https://github.com/sponsors/antfu"
      },
      "peerDependencies": {
        "@vue/composition-api": "^1.1.0",
        "vue": "^2.6.0 || ^3.2.0"
      },
      "peerDependenciesMeta": {
        "@vue/composition-api": {
          "optional": true
        },
        "vue": {
          "optional": true
        }
      }
    },
    "node_modules/apexcharts": {
      "version": "3.29.0",
      "resolved": "https://registry.npmjs.org/apexcharts/-/apexcharts-3.29.0.tgz",
      "integrity": "sha512-PhI17VayidYAbLb5/g+7WOeirgFrVopzt0qGwLq8V+cd6NXx4CeHYq3S0pDZiUGO7UFQ4YIrT8+ie9/Fnler+w==",
      "dependencies": {
        "svg.draggable.js": "^2.2.2",
        "svg.easing.js": "^2.0.0",
        "svg.filter.js": "^2.0.2",
        "svg.pathmorphing.js": "^0.1.3",
        "svg.resize.js": "^1.4.3",
        "svg.select.js": "^3.0.1"
      }
    },
    "node_modules/core-js": {
      "version": "3.19.1",
      "resolved": "https://registry.npmjs.org/core-js/-/core-js-3.19.1.tgz",
      "integrity": "sha512-Tnc7E9iKd/b/ff7GFbhwPVzJzPztGrChB8X8GLqoYGdEOG8IpLnK1xPyo3ZoO3HsK6TodJS58VGPOxA+hLHQMg==",
      "hasInstallScript": true,
      "funding": {
        "type": "opencollective",
        "url": "https://opencollective.com/core-js"
      }
    },
    "node_modules/fancy-canvas": {
      "version": "0.2.2",
      "resolved": "https://registry.npmjs.org/fancy-canvas/-/fancy-canvas-0.2.2.tgz",
      "integrity": "sha512-50qi8xA0QkHbjmb8h7XQ6k2fvD7y/yMfiUw9YTarJ7rWrq6o5/3CCXPouYk+XSLASvvxtjyiQLRBFt3qkE3oyA=="
    },
    "node_modules/jsonata": {
      "version": "1.8.5",
      "resolved": "https://registry.npmjs.org/jsonata/-/jsonata-1.8.5.tgz",
      "integrity": "sha512-ilDyTBkg6qhNoNVr8PUPzz5GYvRK+REKOM5MdOGzH2y6V4yvPRMegSvbZLpbTtI0QAgz09QM7drDhSHUlwp9pA==",
      "engines": {
        "node": ">= 8"
      }
    },
    "node_modules/lightweight-charts": {
      "version": "3.6.1",
      "resolved": "https://registry.npmjs.org/lightweight-charts/-/lightweight-charts-3.6.1.tgz",
      "integrity": "sha512-82y5VsYCnVI1qGJ1TUMVfxUvcbn+S3pXXXY3yZHkmWfRMxtAHQxpOwpeTC+MJ9NOl8Jd037SvS9NuDkESaY7HA==",
      "dependencies": {
        "fancy-canvas": "0.2.2"
      }
    },
    "node_modules/lit-html": {
      "version": "1.4.1",
      "resolved": "https://registry.npmjs.org/lit-html/-/lit-html-1.4.1.tgz",
      "integrity": "sha512-B9btcSgPYb1q4oSOb/PrOT6Z/H+r6xuNzfH4lFli/AWhYwdtrgQkQWBbIc6mdnf6E2IL3gDXdkkqNktpU0OZQA=="
    },
    "node_modules/nipplejs": {
      "version": "0.9.0",
      "resolved": "https://registry.npmjs.org/nipplejs/-/nipplejs-0.9.0.tgz",
      "integrity": "sha512-TH2CkxWiTAnc0ld/Q8wQMFAhlWTL1QYWuwNLqmMzh8Y1dLv3ECKYydkfiyoiRwSy+fQvCukXvu2RSHinvjOoUg=="
    },
    "node_modules/svg.draggable.js": {
      "version": "2.2.2",
      "resolved": "https://registry.npmjs.org/svg.draggable.js/-/svg.draggable.js-2.2.2.tgz",
      "integrity": "sha512-JzNHBc2fLQMzYCZ90KZHN2ohXL0BQJGQimK1kGk6AvSeibuKcIdDX9Kr0dT9+UJ5O8nYA0RB839Lhvk4CY4MZw==",
      "dependencies": {
        "svg.js": "^2.0.1"
      },
      "engines": {
        "node": ">= 0.8.0"
      }
    },
    "node_modules/svg.easing.js": {
      "version": "2.0.0",
      "resolved": "https://registry.npmjs.org/svg.easing.js/-/svg.easing.js-2.0.0.tgz",
      "integrity": "sha1-iqmUawqOJ4V6XEChDrpAkeVpHxI=",
      "dependencies": {
        "svg.js": ">=2.3.x"
      },
      "engines": {
        "node": ">= 0.8.0"
      }
    },
    "node_modules/svg.filter.js": {
      "version": "2.0.2",
      "resolved": "https://registry.npmjs.org/svg.filter.js/-/svg.filter.js-2.0.2.tgz",
      "integrity": "sha1-kQCOFROJ3ZIwd5/L5uLJo2LRwgM=",
      "dependencies": {
        "svg.js": "^2.2.5"
      },
      "engines": {
        "node": ">= 0.8.0"
      }
    },
    "node_modules/svg.js": {
      "version": "2.7.1",
      "resolved": "https://registry.npmjs.org/svg.js/-/svg.js-2.7.1.tgz",
      "integrity": "sha512-ycbxpizEQktk3FYvn/8BH+6/EuWXg7ZpQREJvgacqn46gIddG24tNNe4Son6omdXCnSOaApnpZw6MPCBA1dODA=="
    },
    "node_modules/svg.pathmorphing.js": {
      "version": "0.1.3",
      "resolved": "https://registry.npmjs.org/svg.pathmorphing.js/-/svg.pathmorphing.js-0.1.3.tgz",
      "integrity": "sha512-49HWI9X4XQR/JG1qXkSDV8xViuTLIWm/B/7YuQELV5KMOPtXjiwH4XPJvr/ghEDibmLQ9Oc22dpWpG0vUDDNww==",
      "dependencies": {
        "svg.js": "^2.4.0"
      },
      "engines": {
        "node": ">= 0.8.0"
      }
    },
    "node_modules/svg.resize.js": {
      "version": "1.4.3",
      "resolved": "https://registry.npmjs.org/svg.resize.js/-/svg.resize.js-1.4.3.tgz",
      "integrity": "sha512-9k5sXJuPKp+mVzXNvxz7U0uC9oVMQrrf7cFsETznzUDDm0x8+77dtZkWdMfRlmbkEEYvUn9btKuZ3n41oNA+uw==",
      "dependencies": {
        "svg.js": "^2.6.5",
        "svg.select.js": "^2.1.2"
      },
      "engines": {
        "node": ">= 0.8.0"
      }
    },
    "node_modules/svg.resize.js/node_modules/svg.select.js": {
      "version": "2.1.2",
      "resolved": "https://registry.npmjs.org/svg.select.js/-/svg.select.js-2.1.2.tgz",
      "integrity": "sha512-tH6ABEyJsAOVAhwcCjF8mw4crjXSI1aa7j2VQR8ZuJ37H2MBUbyeqYr5nEO7sSN3cy9AR9DUwNg0t/962HlDbQ==",
      "dependencies": {
        "svg.js": "^2.2.5"
      },
      "engines": {
        "node": ">= 0.8.0"
      }
    },
    "node_modules/svg.select.js": {
      "version": "3.0.1",
      "resolved": "https://registry.npmjs.org/svg.select.js/-/svg.select.js-3.0.1.tgz",
      "integrity": "sha512-h5IS/hKkuVCbKSieR9uQCj9w+zLHoPh+ce19bBYyqF53g6mnPB8sAtIbe1s9dh2S2fCmYX2xel1Ln3PJBbK4kw==",
      "dependencies": {
        "svg.js": "^2.6.5"
      },
      "engines": {
        "node": ">= 0.8.0"
      }
    },
    "node_modules/vue": {
      "version": "2.6.14",
      "resolved": "https://registry.npmjs.org/vue/-/vue-2.6.14.tgz",
      "integrity": "sha512-x2284lgYvjOMj3Za7kqzRcUSxBboHqtgRE2zlos1qWaOye5yUmHn42LB1250NJBLRwEcdrB0JRwyPTEPhfQjiQ=="
    },
    "node_modules/vue-demi": {
      "version": "0.12.1",
      "resolved": "https://registry.npmjs.org/vue-demi/-/vue-demi-0.12.1.tgz",
      "integrity": "sha512-QL3ny+wX8c6Xm1/EZylbgzdoDolye+VpCXRhI2hug9dJTP3OUJ3lmiKN3CsVV3mOJKwFi0nsstbgob0vG7aoIw==",
      "hasInstallScript": true,
      "bin": {
        "vue-demi-fix": "bin/vue-demi-fix.js",
        "vue-demi-switch": "bin/vue-demi-switch.js"
      },
      "engines": {
        "node": ">=12"
      },
      "funding": {
        "url": "https://github.com/sponsors/antfu"
      },
      "peerDependencies": {
        "@vue/composition-api": "^1.0.0-rc.1",
        "vue": "^3.0.0-0 || ^2.6.0"
      },
      "peerDependenciesMeta": {
        "@vue/composition-api": {
          "optional": true
        }
      }
    },
    "node_modules/vuetify": {
      "version": "2.5.12",
      "resolved": "https://registry.npmjs.org/vuetify/-/vuetify-2.5.12.tgz",
      "integrity": "sha512-ruH2h2U0C8TzInzqTVE3QDcJr8+rJRXliyFN71972vtKqGWXXOUGkx7lfVqBIWNZCTEDcZGkaiV2apP+Bw3QTQ==",
      "funding": {
        "type": "github",
        "url": "https://github.com/sponsors/johnleider"
      },
      "peerDependencies": {
        "vue": "^2.6.4"
      }
    }
  },
  "dependencies": {
    "@vueuse/core": {
      "version": "6.7.6",
      "resolved": "https://registry.npmjs.org/@vueuse/core/-/core-6.7.6.tgz",
      "integrity": "sha512-oVyqARXnTvhf4m6xf/sHw+SNJWcRYJn8+L4TZTFBU9POf9GIzBN7iHD2Oc4K4rTWXGQzXfoFHgbrXyeMFCRoqA==",
      "requires": {
        "@vueuse/shared": "6.7.6",
        "vue-demi": "*"
      }
    },
    "@vueuse/shared": {
      "version": "6.7.6",
      "resolved": "https://registry.npmjs.org/@vueuse/shared/-/shared-6.7.6.tgz",
      "integrity": "sha512-MfzTKkFK63PcjDdTpJRuJqylpyUdXpic9ueTRcgpPizqFpoYIuI6DkdYjub2Ch5+OYYhVnCqe8ynW6WzYo7DGQ==",
      "requires": {
        "vue-demi": "*"
      }
    },
    "apexcharts": {
      "version": "3.29.0",
      "resolved": "https://registry.npmjs.org/apexcharts/-/apexcharts-3.29.0.tgz",
      "integrity": "sha512-PhI17VayidYAbLb5/g+7WOeirgFrVopzt0qGwLq8V+cd6NXx4CeHYq3S0pDZiUGO7UFQ4YIrT8+ie9/Fnler+w==",
      "requires": {
        "svg.draggable.js": "^2.2.2",
        "svg.easing.js": "^2.0.0",
        "svg.filter.js": "^2.0.2",
        "svg.pathmorphing.js": "^0.1.3",
        "svg.resize.js": "^1.4.3",
        "svg.select.js": "^3.0.1"
      }
    },
    "core-js": {
      "version": "3.19.1",
      "resolved": "https://registry.npmjs.org/core-js/-/core-js-3.19.1.tgz",
      "integrity": "sha512-Tnc7E9iKd/b/ff7GFbhwPVzJzPztGrChB8X8GLqoYGdEOG8IpLnK1xPyo3ZoO3HsK6TodJS58VGPOxA+hLHQMg=="
    },
    "fancy-canvas": {
      "version": "0.2.2",
      "resolved": "https://registry.npmjs.org/fancy-canvas/-/fancy-canvas-0.2.2.tgz",
      "integrity": "sha512-50qi8xA0QkHbjmb8h7XQ6k2fvD7y/yMfiUw9YTarJ7rWrq6o5/3CCXPouYk+XSLASvvxtjyiQLRBFt3qkE3oyA=="
    },
    "jsonata": {
      "version": "1.8.5",
      "resolved": "https://registry.npmjs.org/jsonata/-/jsonata-1.8.5.tgz",
      "integrity": "sha512-ilDyTBkg6qhNoNVr8PUPzz5GYvRK+REKOM5MdOGzH2y6V4yvPRMegSvbZLpbTtI0QAgz09QM7drDhSHUlwp9pA=="
    },
    "lightweight-charts": {
      "version": "3.6.1",
      "resolved": "https://registry.npmjs.org/lightweight-charts/-/lightweight-charts-3.6.1.tgz",
      "integrity": "sha512-82y5VsYCnVI1qGJ1TUMVfxUvcbn+S3pXXXY3yZHkmWfRMxtAHQxpOwpeTC+MJ9NOl8Jd037SvS9NuDkESaY7HA==",
      "requires": {
        "fancy-canvas": "0.2.2"
      }
    },
    "lit-html": {
      "version": "1.4.1",
      "resolved": "https://registry.npmjs.org/lit-html/-/lit-html-1.4.1.tgz",
      "integrity": "sha512-B9btcSgPYb1q4oSOb/PrOT6Z/H+r6xuNzfH4lFli/AWhYwdtrgQkQWBbIc6mdnf6E2IL3gDXdkkqNktpU0OZQA=="
    },
    "nipplejs": {
      "version": "0.9.0",
      "resolved": "https://registry.npmjs.org/nipplejs/-/nipplejs-0.9.0.tgz",
      "integrity": "sha512-TH2CkxWiTAnc0ld/Q8wQMFAhlWTL1QYWuwNLqmMzh8Y1dLv3ECKYydkfiyoiRwSy+fQvCukXvu2RSHinvjOoUg=="
    },
    "svg.draggable.js": {
      "version": "2.2.2",
      "resolved": "https://registry.npmjs.org/svg.draggable.js/-/svg.draggable.js-2.2.2.tgz",
      "integrity": "sha512-JzNHBc2fLQMzYCZ90KZHN2ohXL0BQJGQimK1kGk6AvSeibuKcIdDX9Kr0dT9+UJ5O8nYA0RB839Lhvk4CY4MZw==",
      "requires": {
        "svg.js": "^2.0.1"
      }
    },
    "svg.easing.js": {
      "version": "2.0.0",
      "resolved": "https://registry.npmjs.org/svg.easing.js/-/svg.easing.js-2.0.0.tgz",
      "integrity": "sha1-iqmUawqOJ4V6XEChDrpAkeVpHxI=",
      "requires": {
        "svg.js": ">=2.3.x"
      }
    },
    "svg.filter.js": {
      "version": "2.0.2",
      "resolved": "https://registry.npmjs.org/svg.filter.js/-/svg.filter.js-2.0.2.tgz",
      "integrity": "sha1-kQCOFROJ3ZIwd5/L5uLJo2LRwgM=",
      "requires": {
        "svg.js": "^2.2.5"
      }
    },
    "svg.js": {
      "version": "2.7.1",
      "resolved": "https://registry.npmjs.org/svg.js/-/svg.js-2.7.1.tgz",
      "integrity": "sha512-ycbxpizEQktk3FYvn/8BH+6/EuWXg7ZpQREJvgacqn46gIddG24tNNe4Son6omdXCnSOaApnpZw6MPCBA1dODA=="
    },
    "svg.pathmorphing.js": {
      "version": "0.1.3",
      "resolved": "https://registry.npmjs.org/svg.pathmorphing.js/-/svg.pathmorphing.js-0.1.3.tgz",
      "integrity": "sha512-49HWI9X4XQR/JG1qXkSDV8xViuTLIWm/B/7YuQELV5KMOPtXjiwH4XPJvr/ghEDibmLQ9Oc22dpWpG0vUDDNww==",
      "requires": {
        "svg.js": "^2.4.0"
      }
    },
    "svg.resize.js": {
      "version": "1.4.3",
      "resolved": "https://registry.npmjs.org/svg.resize.js/-/svg.resize.js-1.4.3.tgz",
      "integrity": "sha512-9k5sXJuPKp+mVzXNvxz7U0uC9oVMQrrf7cFsETznzUDDm0x8+77dtZkWdMfRlmbkEEYvUn9btKuZ3n41oNA+uw==",
      "requires": {
        "svg.js": "^2.6.5",
        "svg.select.js": "^2.1.2"
      },
      "dependencies": {
        "svg.select.js": {
          "version": "2.1.2",
          "resolved": "https://registry.npmjs.org/svg.select.js/-/svg.select.js-2.1.2.tgz",
          "integrity": "sha512-tH6ABEyJsAOVAhwcCjF8mw4crjXSI1aa7j2VQR8ZuJ37H2MBUbyeqYr5nEO7sSN3cy9AR9DUwNg0t/962HlDbQ==",
          "requires": {
            "svg.js": "^2.2.5"
          }
        }
      }
    },
    "svg.select.js": {
      "version": "3.0.1",
      "resolved": "https://registry.npmjs.org/svg.select.js/-/svg.select.js-3.0.1.tgz",
      "integrity": "sha512-h5IS/hKkuVCbKSieR9uQCj9w+zLHoPh+ce19bBYyqF53g6mnPB8sAtIbe1s9dh2S2fCmYX2xel1Ln3PJBbK4kw==",
      "requires": {
        "svg.js": "^2.6.5"
      }
    },
    "vue": {
      "version": "2.6.14",
      "resolved": "https://registry.npmjs.org/vue/-/vue-2.6.14.tgz",
      "integrity": "sha512-x2284lgYvjOMj3Za7kqzRcUSxBboHqtgRE2zlos1qWaOye5yUmHn42LB1250NJBLRwEcdrB0JRwyPTEPhfQjiQ=="
    },
    "vue-demi": {
      "version": "0.12.1",
      "resolved": "https://registry.npmjs.org/vue-demi/-/vue-demi-0.12.1.tgz",
      "integrity": "sha512-QL3ny+wX8c6Xm1/EZylbgzdoDolye+VpCXRhI2hug9dJTP3OUJ3lmiKN3CsVV3mOJKwFi0nsstbgob0vG7aoIw==",
      "requires": {}
    },
    "vuetify": {
      "version": "2.5.12",
      "resolved": "https://registry.npmjs.org/vuetify/-/vuetify-2.5.12.tgz",
      "integrity": "sha512-ruH2h2U0C8TzInzqTVE3QDcJr8+rJRXliyFN71972vtKqGWXXOUGkx7lfVqBIWNZCTEDcZGkaiV2apP+Bw3QTQ==",
      "requires": {}
    }
  }
}
